{
  "name": "Javascript",
  "lockfileVersion": 3,
  "requires": true,
  "packages": {
    "": {
      "dependencies": {
        "typeit": "^8.7.1"
      }
    },
    "node_modules/typeit": {
      "version": "8.7.1",
      "resolved": "https://registry.npmjs.org/typeit/-/typeit-8.7.1.tgz",
      "integrity": "sha512-Bx/O4NMz10NWh9FWYtVwV4XwGHF9UDJfpCZPJRtw2/oUcahFAStU8J0t19aroPfTV6s1UlS5ICoqilOqmEnh2Q==",
      "hasInstallScript": true
    }
  }
}
